
Microsoft Visual Studio Solution File, Format Version 12.00
# Visual Studio 15
Project("{FAE04EC0-301F-11D3-BF4B-00C04F79EFBC}") = "Unity.XR.Interaction.Toolkit.Samples.StarterAssets", "Unity.XR.Interaction.Toolkit.Samples.StarterAssets.csproj", "{C8A10095-D9CD-F738-1AA6-52EEAFC80C89}"
EndProject
Project("{FAE04EC0-301F-11D3-BF4B-00C04F79EFBC}") = "Assembly-CSharp", "Assembly-CSharp.csproj", "{91C0BCF2-23C4-9333-6F6B-D89E030A8EED}"
EndProject
Project("{FAE04EC0-301F-11D3-BF4B-00C04F79EFBC}") = "Unity.XR.Interaction.Toolkit.Samples.StarterAssets.Editor", "Unity.XR.Interaction.Toolkit.Samples.StarterAssets.Editor.csproj", "{A3D100BE-540E-3C34-E720-9B63B49E8A36}"
EndProject
Global
	GlobalSection(SolutionConfigurationPlatforms) = preSolution
		Debug|Any CPU = Debug|Any CPU
		Release|Any CPU = Release|Any CPU
	EndGlobalSection
	GlobalSection(ProjectConfigurationPlatforms) = postSolution
		{C8A10095-D9CD-F738-1AA6-52EEAFC80C89}.Debug|Any CPU.ActiveCfg = Debug|Any CPU
		{C8A10095-D9CD-F738-1AA6-52EEAFC80C89}.Debug|Any CPU.Build.0 = Debug|Any CPU
		{C8A10095-D9CD-F738-1AA6-52EEAFC80C89}.Release|Any CPU.ActiveCfg = Release|Any CPU
		{C8A10095-D9CD-F738-1AA6-52EEAFC80C89}.Release|Any CPU.Build.0 = Release|Any CPU
		{91C0BCF2-23C4-9333-6F6B-D89E030A8EED}.Debug|Any CPU.ActiveCfg = Debug|Any CPU
		{91C0BCF2-23C4-9333-6F6B-D89E030A8EED}.Debug|Any CPU.Build.0 = Debug|Any CPU
		{91C0BCF2-23C4-9333-6F6B-D89E030A8EED}.Release|Any CPU.ActiveCfg = Release|Any CPU
		{91C0BCF2-23C4-9333-6F6B-D89E030A8EED}.Release|Any CPU.Build.0 = Release|Any CPU
		{A3D100BE-540E-3C34-E720-9B63B49E8A36}.Debug|Any CPU.ActiveCfg = Debug|Any CPU
		{A3D100BE-540E-3C34-E720-9B63B49E8A36}.Debug|Any CPU.Build.0 = Debug|Any CPU
		{A3D100BE-540E-3C34-E720-9B63B49E8A36}.Release|Any CPU.ActiveCfg = Release|Any CPU
		{A3D100BE-540E-3C34-E720-9B63B49E8A36}.Release|Any CPU.Build.0 = Release|Any CPU
	EndGlobalSection
	GlobalSection(SolutionProperties) = preSolution
		HideSolutionNode = FALSE
	EndGlobalSection
EndGlobal
